
Microsoft Visual Studio Solution File, Format Version 12.00
# Visual Studio 15
VisualStudioVersion = 15.0.26124.0
MinimumVisualStudioVersion = 15.0.26124.0
Project("{FAE04EC0-301F-11D3-BF4B-00C04F79EFBC}") = "Floatingman.CommandLine.UsageConsole", "Floatingman.CommandLine.UsageConsole\Floatingman.CommandLine.UsageConsole.csproj", "{6174B1D8-7CB4-49AA-AB88-3BE2B70B9120}"
EndProject
Project("{FAE04EC0-301F-11D3-BF4B-00C04F79EFBC}") = "Floatingman.CommandLine.UsagePlugin", "Floatingman.CommandLine.UsagePlugin\Floatingman.CommandLine.UsagePlugin.csproj", "{EA1E8B70-3522-4984-86DB-C3EAED6F5D0C}"
EndProject
Project("{FAE04EC0-301F-11D3-BF4B-00C04F79EFBC}") = "Floatingman.CommandLineParser", "Floatingman.CommandLineParser\Floatingman.CommandLineParser.csproj", "{3220A75A-458D-413B-9AEA-692CB6553058}"
EndProject
Project("{FAE04EC0-301F-11D3-BF4B-00C04F79EFBC}") = "Floatingman.CommandLineParser.xUnit", "Floatingman.CommandLineParser.xUnit\Floatingman.CommandLineParser.xUnit.csproj", "{FDD8EFC0-6339-42B3-B3BF-A74F58E0FC92}"
EndProject
Project("{FAE04EC0-301F-11D3-BF4B-00C04F79EFBC}") = "Floatingman.Command", "Floatingman.Common\Floatingman.Command.csproj", "{834E7E2E-4029-4B8B-A755-0A379B9213FA}"
EndProject
Global
	GlobalSection(SolutionConfigurationPlatforms) = preSolution
		Debug|Any CPU = Debug|Any CPU
		Debug|x64 = Debug|x64
		Debug|x86 = Debug|x86
		Release|Any CPU = Release|Any CPU
		Release|x64 = Release|x64
		Release|x86 = Release|x86
	EndGlobalSection
	GlobalSection(SolutionProperties) = preSolution
		HideSolutionNode = FALSE
	EndGlobalSection
	GlobalSection(ProjectConfigurationPlatforms) = postSolution
		{6174B1D8-7CB4-49AA-AB88-3BE2B70B9120}.Debug|Any CPU.ActiveCfg = Debug|Any CPU
		{6174B1D8-7CB4-49AA-AB88-3BE2B70B9120}.Debug|Any CPU.Build.0 = Debug|Any CPU
		{6174B1D8-7CB4-49AA-AB88-3BE2B70B9120}.Debug|x64.ActiveCfg = Debug|Any CPU
		{6174B1D8-7CB4-49AA-AB88-3BE2B70B9120}.Debug|x64.Build.0 = Debug|Any CPU
		{6174B1D8-7CB4-49AA-AB88-3BE2B70B9120}.Debug|x86.ActiveCfg = Debug|Any CPU
		{6174B1D8-7CB4-49AA-AB88-3BE2B70B9120}.Debug|x86.Build.0 = Debug|Any CPU
		{6174B1D8-7CB4-49AA-AB88-3BE2B70B9120}.Release|Any CPU.ActiveCfg = Release|Any CPU
		{6174B1D8-7CB4-49AA-AB88-3BE2B70B9120}.Release|Any CPU.Build.0 = Release|Any CPU
		{6174B1D8-7CB4-49AA-AB88-3BE2B70B9120}.Release|x64.ActiveCfg = Release|Any CPU
		{6174B1D8-7CB4-49AA-AB88-3BE2B70B9120}.Release|x64.Build.0 = Release|Any CPU
		{6174B1D8-7CB4-49AA-AB88-3BE2B70B9120}.Release|x86.ActiveCfg = Release|Any CPU
		{6174B1D8-7CB4-49AA-AB88-3BE2B70B9120}.Release|x86.Build.0 = Release|Any CPU
		{EA1E8B70-3522-4984-86DB-C3EAED6F5D0C}.Debug|Any CPU.ActiveCfg = Debug|Any CPU
		{EA1E8B70-3522-4984-86DB-C3EAED6F5D0C}.Debug|Any CPU.Build.0 = Debug|Any CPU
		{EA1E8B70-3522-4984-86DB-C3EAED6F5D0C}.Debug|x64.ActiveCfg = Debug|Any CPU
		{EA1E8B70-3522-4984-86DB-C3EAED6F5D0C}.Debug|x64.Build.0 = Debug|Any CPU
		{EA1E8B70-3522-4984-86DB-C3EAED6F5D0C}.Debug|x86.ActiveCfg = Debug|Any CPU
		{EA1E8B70-3522-4984-86DB-C3EAED6F5D0C}.Debug|x86.Build.0 = Debug|Any CPU
		{EA1E8B70-3522-4984-86DB-C3EAED6F5D0C}.Release|Any CPU.ActiveCfg = Release|Any CPU
		{EA1E8B70-3522-4984-86DB-C3EAED6F5D0C}.Release|Any CPU.Build.0 = Release|Any CPU
		{EA1E8B70-3522-4984-86DB-C3EAED6F5D0C}.Release|x64.ActiveCfg = Release|Any CPU
		{EA1E8B70-3522-4984-86DB-C3EAED6F5D0C}.Release|x64.Build.0 = Release|Any CPU
		{EA1E8B70-3522-4984-86DB-C3EAED6F5D0C}.Release|x86.ActiveCfg = Release|Any CPU
		{EA1E8B70-3522-4984-86DB-C3EAED6F5D0C}.Release|x86.Build.0 = Release|Any CPU
		{3220A75A-458D-413B-9AEA-692CB6553058}.Debug|Any CPU.ActiveCfg = Debug|Any CPU
		{3220A75A-458D-413B-9AEA-692CB6553058}.Debug|Any CPU.Build.0 = Debug|Any CPU
		{3220A75A-458D-413B-9AEA-692CB6553058}.Debug|x64.ActiveCfg = Debug|Any CPU
		{3220A75A-458D-413B-9AEA-692CB6553058}.Debug|x64.Build.0 = Debug|Any CPU
		{3220A75A-458D-413B-9AEA-692CB6553058}.Debug|x86.ActiveCfg = Debug|Any CPU
		{3220A75A-458D-413B-9AEA-692CB6553058}.Debug|x86.Build.0 = Debug|Any CPU
		{3220A75A-458D-413B-9AEA-692CB6553058}.Release|Any CPU.ActiveCfg = Release|Any CPU
		{3220A75A-458D-413B-9AEA-692CB6553058}.Release|Any CPU.Build.0 = Release|Any CPU
		{3220A75A-458D-413B-9AEA-692CB6553058}.Release|x64.ActiveCfg = Release|Any CPU
		{3220A75A-458D-413B-9AEA-692CB6553058}.Release|x64.Build.0 = Release|Any CPU
		{3220A75A-458D-413B-9AEA-692CB6553058}.Release|x86.ActiveCfg = Release|Any CPU
		{3220A75A-458D-413B-9AEA-692CB6553058}.Release|x86.Build.0 = Release|Any CPU
		{FDD8EFC0-6339-42B3-B3BF-A74F58E0FC92}.Debug|Any CPU.ActiveCfg = Debug|Any CPU
		{FDD8EFC0-6339-42B3-B3BF-A74F58E0FC92}.Debug|Any CPU.Build.0 = Debug|Any CPU
		{FDD8EFC0-6339-42B3-B3BF-A74F58E0FC92}.Debug|x64.ActiveCfg = Debug|Any CPU
		{FDD8EFC0-6339-42B3-B3BF-A74F58E0FC92}.Debug|x64.Build.0 = Debug|Any CPU
		{FDD8EFC0-6339-42B3-B3BF-A74F58E0FC92}.Debug|x86.ActiveCfg = Debug|Any CPU
		{FDD8EFC0-6339-42B3-B3BF-A74F58E0FC92}.Debug|x86.Build.0 = Debug|Any CPU
		{FDD8EFC0-6339-42B3-B3BF-A74F58E0FC92}.Release|Any CPU.ActiveCfg = Release|Any CPU
		{FDD8EFC0-6339-42B3-B3BF-A74F58E0FC92}.Release|Any CPU.Build.0 = Release|Any CPU
		{FDD8EFC0-6339-42B3-B3BF-A74F58E0FC92}.Release|x64.ActiveCfg = Release|Any CPU
		{FDD8EFC0-6339-42B3-B3BF-A74F58E0FC92}.Release|x64.Build.0 = Release|Any CPU
		{FDD8EFC0-6339-42B3-B3BF-A74F58E0FC92}.Release|x86.ActiveCfg = Release|Any CPU
		{FDD8EFC0-6339-42B3-B3BF-A74F58E0FC92}.Release|x86.Build.0 = Release|Any CPU
		{834E7E2E-4029-4B8B-A755-0A379B9213FA}.Debug|Any CPU.ActiveCfg = Debug|Any CPU
		{834E7E2E-4029-4B8B-A755-0A379B9213FA}.Debug|Any CPU.Build.0 = Debug|Any CPU
		{834E7E2E-4029-4B8B-A755-0A379B9213FA}.Debug|x64.ActiveCfg = Debug|Any CPU
		{834E7E2E-4029-4B8B-A755-0A379B9213FA}.Debug|x64.Build.0 = Debug|Any CPU
		{834E7E2E-4029-4B8B-A755-0A379B9213FA}.Debug|x86.ActiveCfg = Debug|Any CPU
		{834E7E2E-4029-4B8B-A755-0A379B9213FA}.Debug|x86.Build.0 = Debug|Any CPU
		{834E7E2E-4029-4B8B-A755-0A379B9213FA}.Release|Any CPU.ActiveCfg = Release|Any CPU
		{834E7E2E-4029-4B8B-A755-0A379B9213FA}.Release|Any CPU.Build.0 = Release|Any CPU
		{834E7E2E-4029-4B8B-A755-0A379B9213FA}.Release|x64.ActiveCfg = Release|Any CPU
		{834E7E2E-4029-4B8B-A755-0A379B9213FA}.Release|x64.Build.0 = Release|Any CPU
		{834E7E2E-4029-4B8B-A755-0A379B9213FA}.Release|x86.ActiveCfg = Release|Any CPU
		{834E7E2E-4029-4B8B-A755-0A379B9213FA}.Release|x86.Build.0 = Release|Any CPU
	EndGlobalSection
EndGlobal
