
Microsoft Visual Studio Solution File, Format Version 12.00
# Visual Studio 15
VisualStudioVersion = 15.0.26124.0
MinimumVisualStudioVersion = 15.0.26124.0
Project("{2150E333-8FDC-42A3-9474-1A3956D46DE8}") = "example", "example", "{3138C34A-7886-45E3-B0AD-E2E6EF8F9B57}"
EndProject
Project("{2150E333-8FDC-42A3-9474-1A3956D46DE8}") = "src", "src", "{018F5A9E-628D-40E0-9F7D-328856E44563}"
EndProject
Project("{FAE04EC0-301F-11D3-BF4B-00C04F79EFBC}") = "Floatingman.CommandLineParser", "src\Floatingman.CommandLineParser\Floatingman.CommandLineParser.csproj", "{B56535CD-BCEC-478E-B925-78C983A6D9FD}"
EndProject
Project("{FAE04EC0-301F-11D3-BF4B-00C04F79EFBC}") = "Floatingman.CommandLineParser.xUnit", "src\Floatingman.CommandLineParser.xUnit\Floatingman.CommandLineParser.xUnit.csproj", "{8677E352-5B0F-4696-A8B7-D84FE8DE74F1}"
EndProject
Project("{FAE04EC0-301F-11D3-BF4B-00C04F79EFBC}") = "Floatingman.Common", "src\Floatingman.Common\Floatingman.Common.csproj", "{8A77F08E-D881-444F-91AE-5763309074F1}"
EndProject
Project("{FAE04EC0-301F-11D3-BF4B-00C04F79EFBC}") = "Floatingman.Common.xUnit", "src\Floatingman.Common.xUnit\Floatingman.Common.xUnit.csproj", "{2A784606-FEC9-4491-A456-B18174C5224F}"
EndProject
Project("{FAE04EC0-301F-11D3-BF4B-00C04F79EFBC}") = "Floatingman.TopologyTools.GenerateHexArray", "example\Floatingman.TopologyTools.GenerateHexArray\Floatingman.TopologyTools.GenerateHexArray.csproj", "{3B75B3DB-D1AD-411F-A4D6-B7E10375ACD5}"
EndProject
Project("{FAE04EC0-301F-11D3-BF4B-00C04F79EFBC}") = "TopologyFunctions", "example\TopologyFunctions\TopologyFunctions.csproj", "{06B1D228-D0DE-40AF-9A7D-A961288B08E1}"
EndProject
Project("{FAE04EC0-301F-11D3-BF4B-00C04F79EFBC}") = "TopologyCommandLIne", "example\TopologyCommandLine\TopologyCommandLIne.csproj", "{756B27B8-A04B-4575-8EEE-7179B1635A67}"
EndProject
Global
	GlobalSection(SolutionConfigurationPlatforms) = preSolution
		Debug|Any CPU = Debug|Any CPU
		Debug|x64 = Debug|x64
		Debug|x86 = Debug|x86
		Release|Any CPU = Release|Any CPU
		Release|x64 = Release|x64
		Release|x86 = Release|x86
	EndGlobalSection
	GlobalSection(SolutionProperties) = preSolution
		HideSolutionNode = FALSE
	EndGlobalSection
	GlobalSection(ProjectConfigurationPlatforms) = postSolution
		{B56535CD-BCEC-478E-B925-78C983A6D9FD}.Debug|Any CPU.ActiveCfg = Debug|Any CPU
		{B56535CD-BCEC-478E-B925-78C983A6D9FD}.Debug|Any CPU.Build.0 = Debug|Any CPU
		{B56535CD-BCEC-478E-B925-78C983A6D9FD}.Debug|x64.ActiveCfg = Debug|Any CPU
		{B56535CD-BCEC-478E-B925-78C983A6D9FD}.Debug|x64.Build.0 = Debug|Any CPU
		{B56535CD-BCEC-478E-B925-78C983A6D9FD}.Debug|x86.ActiveCfg = Debug|Any CPU
		{B56535CD-BCEC-478E-B925-78C983A6D9FD}.Debug|x86.Build.0 = Debug|Any CPU
		{B56535CD-BCEC-478E-B925-78C983A6D9FD}.Release|Any CPU.ActiveCfg = Release|Any CPU
		{B56535CD-BCEC-478E-B925-78C983A6D9FD}.Release|Any CPU.Build.0 = Release|Any CPU
		{B56535CD-BCEC-478E-B925-78C983A6D9FD}.Release|x64.ActiveCfg = Release|Any CPU
		{B56535CD-BCEC-478E-B925-78C983A6D9FD}.Release|x64.Build.0 = Release|Any CPU
		{B56535CD-BCEC-478E-B925-78C983A6D9FD}.Release|x86.ActiveCfg = Release|Any CPU
		{B56535CD-BCEC-478E-B925-78C983A6D9FD}.Release|x86.Build.0 = Release|Any CPU
		{8677E352-5B0F-4696-A8B7-D84FE8DE74F1}.Debug|Any CPU.ActiveCfg = Debug|Any CPU
		{8677E352-5B0F-4696-A8B7-D84FE8DE74F1}.Debug|Any CPU.Build.0 = Debug|Any CPU
		{8677E352-5B0F-4696-A8B7-D84FE8DE74F1}.Debug|x64.ActiveCfg = Debug|Any CPU
		{8677E352-5B0F-4696-A8B7-D84FE8DE74F1}.Debug|x64.Build.0 = Debug|Any CPU
		{8677E352-5B0F-4696-A8B7-D84FE8DE74F1}.Debug|x86.ActiveCfg = Debug|Any CPU
		{8677E352-5B0F-4696-A8B7-D84FE8DE74F1}.Debug|x86.Build.0 = Debug|Any CPU
		{8677E352-5B0F-4696-A8B7-D84FE8DE74F1}.Release|Any CPU.ActiveCfg = Release|Any CPU
		{8677E352-5B0F-4696-A8B7-D84FE8DE74F1}.Release|Any CPU.Build.0 = Release|Any CPU
		{8677E352-5B0F-4696-A8B7-D84FE8DE74F1}.Release|x64.ActiveCfg = Release|Any CPU
		{8677E352-5B0F-4696-A8B7-D84FE8DE74F1}.Release|x64.Build.0 = Release|Any CPU
		{8677E352-5B0F-4696-A8B7-D84FE8DE74F1}.Release|x86.ActiveCfg = Release|Any CPU
		{8677E352-5B0F-4696-A8B7-D84FE8DE74F1}.Release|x86.Build.0 = Release|Any CPU
		{8A77F08E-D881-444F-91AE-5763309074F1}.Debug|Any CPU.ActiveCfg = Debug|Any CPU
		{8A77F08E-D881-444F-91AE-5763309074F1}.Debug|Any CPU.Build.0 = Debug|Any CPU
		{8A77F08E-D881-444F-91AE-5763309074F1}.Debug|x64.ActiveCfg = Debug|Any CPU
		{8A77F08E-D881-444F-91AE-5763309074F1}.Debug|x64.Build.0 = Debug|Any CPU
		{8A77F08E-D881-444F-91AE-5763309074F1}.Debug|x86.ActiveCfg = Debug|Any CPU
		{8A77F08E-D881-444F-91AE-5763309074F1}.Debug|x86.Build.0 = Debug|Any CPU
		{8A77F08E-D881-444F-91AE-5763309074F1}.Release|Any CPU.ActiveCfg = Release|Any CPU
		{8A77F08E-D881-444F-91AE-5763309074F1}.Release|Any CPU.Build.0 = Release|Any CPU
		{8A77F08E-D881-444F-91AE-5763309074F1}.Release|x64.ActiveCfg = Release|Any CPU
		{8A77F08E-D881-444F-91AE-5763309074F1}.Release|x64.Build.0 = Release|Any CPU
		{8A77F08E-D881-444F-91AE-5763309074F1}.Release|x86.ActiveCfg = Release|Any CPU
		{8A77F08E-D881-444F-91AE-5763309074F1}.Release|x86.Build.0 = Release|Any CPU
		{2A784606-FEC9-4491-A456-B18174C5224F}.Debug|Any CPU.ActiveCfg = Debug|Any CPU
		{2A784606-FEC9-4491-A456-B18174C5224F}.Debug|Any CPU.Build.0 = Debug|Any CPU
		{2A784606-FEC9-4491-A456-B18174C5224F}.Debug|x64.ActiveCfg = Debug|Any CPU
		{2A784606-FEC9-4491-A456-B18174C5224F}.Debug|x64.Build.0 = Debug|Any CPU
		{2A784606-FEC9-4491-A456-B18174C5224F}.Debug|x86.ActiveCfg = Debug|Any CPU
		{2A784606-FEC9-4491-A456-B18174C5224F}.Debug|x86.Build.0 = Debug|Any CPU
		{2A784606-FEC9-4491-A456-B18174C5224F}.Release|Any CPU.ActiveCfg = Release|Any CPU
		{2A784606-FEC9-4491-A456-B18174C5224F}.Release|Any CPU.Build.0 = Release|Any CPU
		{2A784606-FEC9-4491-A456-B18174C5224F}.Release|x64.ActiveCfg = Release|Any CPU
		{2A784606-FEC9-4491-A456-B18174C5224F}.Release|x64.Build.0 = Release|Any CPU
		{2A784606-FEC9-4491-A456-B18174C5224F}.Release|x86.ActiveCfg = Release|Any CPU
		{2A784606-FEC9-4491-A456-B18174C5224F}.Release|x86.Build.0 = Release|Any CPU
		{3B75B3DB-D1AD-411F-A4D6-B7E10375ACD5}.Debug|Any CPU.ActiveCfg = Debug|Any CPU
		{3B75B3DB-D1AD-411F-A4D6-B7E10375ACD5}.Debug|Any CPU.Build.0 = Debug|Any CPU
		{3B75B3DB-D1AD-411F-A4D6-B7E10375ACD5}.Debug|x64.ActiveCfg = Debug|Any CPU
		{3B75B3DB-D1AD-411F-A4D6-B7E10375ACD5}.Debug|x64.Build.0 = Debug|Any CPU
		{3B75B3DB-D1AD-411F-A4D6-B7E10375ACD5}.Debug|x86.ActiveCfg = Debug|Any CPU
		{3B75B3DB-D1AD-411F-A4D6-B7E10375ACD5}.Debug|x86.Build.0 = Debug|Any CPU
		{3B75B3DB-D1AD-411F-A4D6-B7E10375ACD5}.Release|Any CPU.ActiveCfg = Release|Any CPU
		{3B75B3DB-D1AD-411F-A4D6-B7E10375ACD5}.Release|Any CPU.Build.0 = Release|Any CPU
		{3B75B3DB-D1AD-411F-A4D6-B7E10375ACD5}.Release|x64.ActiveCfg = Release|Any CPU
		{3B75B3DB-D1AD-411F-A4D6-B7E10375ACD5}.Release|x64.Build.0 = Release|Any CPU
		{3B75B3DB-D1AD-411F-A4D6-B7E10375ACD5}.Release|x86.ActiveCfg = Release|Any CPU
		{3B75B3DB-D1AD-411F-A4D6-B7E10375ACD5}.Release|x86.Build.0 = Release|Any CPU
		{06B1D228-D0DE-40AF-9A7D-A961288B08E1}.Debug|Any CPU.ActiveCfg = Debug|Any CPU
		{06B1D228-D0DE-40AF-9A7D-A961288B08E1}.Debug|Any CPU.Build.0 = Debug|Any CPU
		{06B1D228-D0DE-40AF-9A7D-A961288B08E1}.Debug|x64.ActiveCfg = Debug|Any CPU
		{06B1D228-D0DE-40AF-9A7D-A961288B08E1}.Debug|x64.Build.0 = Debug|Any CPU
		{06B1D228-D0DE-40AF-9A7D-A961288B08E1}.Debug|x86.ActiveCfg = Debug|Any CPU
		{06B1D228-D0DE-40AF-9A7D-A961288B08E1}.Debug|x86.Build.0 = Debug|Any CPU
		{06B1D228-D0DE-40AF-9A7D-A961288B08E1}.Release|Any CPU.ActiveCfg = Release|Any CPU
		{06B1D228-D0DE-40AF-9A7D-A961288B08E1}.Release|Any CPU.Build.0 = Release|Any CPU
		{06B1D228-D0DE-40AF-9A7D-A961288B08E1}.Release|x64.ActiveCfg = Release|Any CPU
		{06B1D228-D0DE-40AF-9A7D-A961288B08E1}.Release|x64.Build.0 = Release|Any CPU
		{06B1D228-D0DE-40AF-9A7D-A961288B08E1}.Release|x86.ActiveCfg = Release|Any CPU
		{06B1D228-D0DE-40AF-9A7D-A961288B08E1}.Release|x86.Build.0 = Release|Any CPU
		{756B27B8-A04B-4575-8EEE-7179B1635A67}.Debug|Any CPU.ActiveCfg = Debug|Any CPU
		{756B27B8-A04B-4575-8EEE-7179B1635A67}.Debug|Any CPU.Build.0 = Debug|Any CPU
		{756B27B8-A04B-4575-8EEE-7179B1635A67}.Debug|x64.ActiveCfg = Debug|Any CPU
		{756B27B8-A04B-4575-8EEE-7179B1635A67}.Debug|x64.Build.0 = Debug|Any CPU
		{756B27B8-A04B-4575-8EEE-7179B1635A67}.Debug|x86.ActiveCfg = Debug|Any CPU
		{756B27B8-A04B-4575-8EEE-7179B1635A67}.Debug|x86.Build.0 = Debug|Any CPU
		{756B27B8-A04B-4575-8EEE-7179B1635A67}.Release|Any CPU.ActiveCfg = Release|Any CPU
		{756B27B8-A04B-4575-8EEE-7179B1635A67}.Release|Any CPU.Build.0 = Release|Any CPU
		{756B27B8-A04B-4575-8EEE-7179B1635A67}.Release|x64.ActiveCfg = Release|Any CPU
		{756B27B8-A04B-4575-8EEE-7179B1635A67}.Release|x64.Build.0 = Release|Any CPU
		{756B27B8-A04B-4575-8EEE-7179B1635A67}.Release|x86.ActiveCfg = Release|Any CPU
		{756B27B8-A04B-4575-8EEE-7179B1635A67}.Release|x86.Build.0 = Release|Any CPU
	EndGlobalSection
	GlobalSection(NestedProjects) = preSolution
		{B56535CD-BCEC-478E-B925-78C983A6D9FD} = {018F5A9E-628D-40E0-9F7D-328856E44563}
		{8677E352-5B0F-4696-A8B7-D84FE8DE74F1} = {018F5A9E-628D-40E0-9F7D-328856E44563}
		{8A77F08E-D881-444F-91AE-5763309074F1} = {018F5A9E-628D-40E0-9F7D-328856E44563}
		{2A784606-FEC9-4491-A456-B18174C5224F} = {018F5A9E-628D-40E0-9F7D-328856E44563}
		{3B75B3DB-D1AD-411F-A4D6-B7E10375ACD5} = {3138C34A-7886-45E3-B0AD-E2E6EF8F9B57}
		{06B1D228-D0DE-40AF-9A7D-A961288B08E1} = {3138C34A-7886-45E3-B0AD-E2E6EF8F9B57}
		{756B27B8-A04B-4575-8EEE-7179B1635A67} = {3138C34A-7886-45E3-B0AD-E2E6EF8F9B57}
	EndGlobalSection
EndGlobal
